
Microsoft Visual Studio Solution File, Format Version 12.00
# Visual Studio Version 16
VisualStudioVersion = 16.0.30002.166
MinimumVisualStudioVersion = 10.0.40219.1
Project("{FAE04EC0-301F-11D3-BF4B-00C04F79EFBC}") = "Purchase_Sell_Stock.MVC", "Purchase_Sell_Stock.MVC\Purchase_Sell_Stock.MVC.csproj", "{5F1CE1FA-4F70-4E60-9514-2E4AD7A23C31}"
EndProject
Global
	GlobalSection(SolutionConfigurationPlatforms) = preSolution
		Debug|Any CPU = Debug|Any CPU
		Release|Any CPU = Release|Any CPU
	EndGlobalSection
	GlobalSection(ProjectConfigurationPlatforms) = postSolution
		{5F1CE1FA-4F70-4E60-9514-2E4AD7A23C31}.Debug|Any CPU.ActiveCfg = Debug|Any CPU
		{5F1CE1FA-4F70-4E60-9514-2E4AD7A23C31}.Debug|Any CPU.Build.0 = Debug|Any CPU
		{5F1CE1FA-4F70-4E60-9514-2E4AD7A23C31}.Release|Any CPU.ActiveCfg = Release|Any CPU
		{5F1CE1FA-4F70-4E60-9514-2E4AD7A23C31}.Release|Any CPU.Build.0 = Release|Any CPU
	EndGlobalSection
	GlobalSection(SolutionProperties) = preSolution
		HideSolutionNode = FALSE
	EndGlobalSection
	GlobalSection(ExtensibilityGlobals) = postSolution
		SolutionGuid = {DB3B4ED8-0BAE-4697-B063-216D776BCF20}
	EndGlobalSection
EndGlobal
